<?xml version="1.0" encoding="utf-8"?>
<Project ToolsVersion="4.0" xmlns="http://schemas.microsoft.com/developer/msbuild/2003">
  <ItemGroup>
    <Filter Include="Source Files">
      <UniqueIdentifier>{4FC737F1-C7A5-4376-A066-2A32D752A2FF}</UniqueIdentifier>
      <Extensions>cpp;c;cc;cxx;c++;def;odl;idl;hpj;bat;asm;asmx</Extensions>
    </Filter>
    <Filter Include="Header Files">
      <UniqueIdentifier>{93995380-89BD-4b04-88EB-625FBE52EBFB}</UniqueIdentifier>
      <Extensions>h;hh;hpp;hxx;h++;hm;inl;inc;ipp;xsd</Extensions>
    </Filter>
    <Filter Include="Resource Files">
      <UniqueIdentifier>{67DA6AB6-F800-4c08-8B7A-83BB121AAD01}</UniqueIdentifier>
      <Extensions>rc;ico;cur;bmp;dlg;rc2;rct;bin;rgs;gif;jpg;jpeg;jpe;resx;tiff;tif;png;wav;mfcribbon-ms</Extensions>
    </Filter>
    <Filter Include="Header Files\Entities">
      <UniqueIdentifier>{98833601-231d-47f2-b1e8-1d1b6d841b6c}</UniqueIdentifier>
    </Filter>
    <Filter Include="Header Files\Entities\Components">
      <UniqueIdentifier>{5ed93f6a-daee-442d-8330-6b3098d6b2f9}</UniqueIdentifier>
    </Filter>
    <Filter Include="Header Files\System">
      <UniqueIdentifier>{58f65780-2903-4f9c-a33a-2017fd2df676}</UniqueIdentifier>
    </Filter>
    <Filter Include="Header Files\System\Messaging">
      <UniqueIdentifier>{6e1d07b0-a87b-4cb9-83f3-9919c6b00f59}</UniqueIdentifier>
    </Filter>
    <Filter Include="Header Files\System\Systems">
      <UniqueIdentifier>{3f8f3c39-909f-40df-ba7d-ae6ebe688124}</UniqueIdentifier>
    </Filter>
    <Filter Include="Source Files\System">
      <UniqueIdentifier>{ca78e225-2512-425f-9eff-37c2ee90b62e}</UniqueIdentifier>
    </Filter>
    <Filter Include="Header Files\Managers">
      <UniqueIdentifier>{8993313d-8a24-4f46-bcb6-5dab73d7535d}</UniqueIdentifier>
    </Filter>
    <Filter Include="Header Files\States">
      <UniqueIdentifier>{92741835-b26d-4a4f-bc35-12bcc8feb6f5}</UniqueIdentifier>
    </Filter>
    <Filter Include="Header Files\States\States">
      <UniqueIdentifier>{037e207a-0445-405c-8cf4-41ddbdfdffc0}</UniqueIdentifier>
    </Filter>
    <Filter Include="Header Files\Utility">
      <UniqueIdentifier>{115b9035-b74a-4493-bc45-e085fe1ffeba}</UniqueIdentifier>
    </Filter>
    <Filter Include="Header Files\GUI">
      <UniqueIdentifier>{f48a7567-64b4-4cd1-a310-d642bf987d51}</UniqueIdentifier>
    </Filter>
    <Filter Include="Source Files\Managers">
      <UniqueIdentifier>{3a2d293f-1555-4890-9059-c373fef8c4ff}</UniqueIdentifier>
    </Filter>
    <Filter Include="Source Files\GUI">
      <UniqueIdentifier>{55e0711f-a27a-42f4-9599-64d3ebb7c4f9}</UniqueIdentifier>
    </Filter>
    <Filter Include="Source Files\Game States">
      <UniqueIdentifier>{6b9b5ad4-18f9-4f73-8224-5e4788ccf5ba}</UniqueIdentifier>
    </Filter>
    <Filter Include="Source Files\NewFilter1">
      <UniqueIdentifier>{d4473705-d2f3-44e3-ae22-8441a03117a7}</UniqueIdentifier>
    </Filter>
    <Filter Include="Header Files\GUI\Data">
      <UniqueIdentifier>{47ca2bae-297b-4cd1-bc92-9e14223838cb}</UniqueIdentifier>
    </Filter>
    <Filter Include="Header Files\Map">
      <UniqueIdentifier>{01d93fe6-5ae0-420e-9d84-5184c49dc6fd}</UniqueIdentifier>
    </Filter>
  </ItemGroup>
  <ItemGroup>
    <ClCompile Include="BEngine.cpp">
      <Filter>Source Files</Filter>
    </ClCompile>
    <ClCompile Include="System_Animation.cpp">
      <Filter>Source Files\System</Filter>
    </ClCompile>
    <ClCompile Include="System_State.cpp">
      <Filter>Source Files\System</Filter>
    </ClCompile>
    <ClCompile Include="Log.cpp">
      <Filter>Header Files\Utility</Filter>
    </ClCompile>
    <ClCompile Include="Manager_System.cpp">
      <Filter>Source Files\Managers</Filter>
    </ClCompile>
    <ClCompile Include="Manager_Entity.cpp">
      <Filter>Source Files\Managers</Filter>
    </ClCompile>
    <ClCompile Include="Manager_Event.cpp">
      <Filter>Source Files\Managers</Filter>
    </ClCompile>
    <ClCompile Include="Manager_State.cpp">
      <Filter>Source Files\Managers</Filter>
    </ClCompile>
    <ClCompile Include="GUIElement.cpp">
      <Filter>Source Files\GUI</Filter>
    </ClCompile>
    <ClCompile Include="GUIInterface.cpp">
      <Filter>Source Files\GUI</Filter>
    </ClCompile>
    <ClCompile Include="Manager_GUI.cpp">
      <Filter>Source Files\Managers</Filter>
    </ClCompile>
    <ClCompile Include="State_Game.cpp">
      <Filter>Source Files\Game States</Filter>
    </ClCompile>
    <ClCompile Include="State_Intro.cpp">
      <Filter>Source Files\Game States</Filter>
    </ClCompile>
    <ClCompile Include="GUITextfield.cpp">
      <Filter>Source Files\GUI</Filter>
    </ClCompile>
    <ClCompile Include="Map.cpp">
      <Filter>Source Files</Filter>
    </ClCompile>
    <ClCompile Include="State_Level_Editor.cpp">
      <Filter>Source Files\Game States</Filter>
    </ClCompile>
    <ClCompile Include="GUIScrollbar.cpp">
      <Filter>Source Files\GUI</Filter>
    </ClCompile>
    <ClCompile Include="GUICheckbox.cpp">
      <Filter>Source Files\GUI</Filter>
    </ClCompile>
    <ClCompile Include="GUIButton.cpp">
      <Filter>Source Files\GUI</Filter>
    </ClCompile>
    <ClCompile Include="GUILabel.cpp">
      <Filter>Source Files\GUI</Filter>
    </ClCompile>
  </ItemGroup>
  <ItemGroup>
    <ClInclude Include="Game.h">
      <Filter>Header Files</Filter>
    </ClInclude>
    <ClInclude Include="Window.h">
      <Filter>Header Files</Filter>
    </ClInclude>
    <ClInclude Include="Component_Drawable.h">
      <Filter>Header Files\Entities\Components</Filter>
    </ClInclude>
    <ClInclude Include="Component_Animation.h">
      <Filter>Header Files\Entities\Components</Filter>
    </ClInclude>
    <ClInclude Include="Component_Base.h">
      <Filter>Header Files\Entities\Components</Filter>
    </ClInclude>
    <ClInclude Include="Component_Retrievable.h">
      <Filter>Header Files\Entities\Components</Filter>
    </ClInclude>
    <ClInclude Include="Manager_Event.h">
      <Filter>Header Files\Managers</Filter>
    </ClInclude>
    <ClInclude Include="State_Game.h">
      <Filter>Header Files\States\States</Filter>
    </ClInclude>
    <ClInclude Include="State_Base.h">
      <Filter>Header Files\States\States</Filter>
    </ClInclude>
    <ClInclude Include="State_Menu.h">
      <Filter>Header Files\States\States</Filter>
    </ClInclude>
    <ClInclude Include="State_Options.h">
      <Filter>Header Files\States\States</Filter>
    </ClInclude>
    <ClInclude Include="ECSTypes.h">
      <Filter>Header Files\Entities</Filter>
    </ClInclude>
    <ClInclude Include="MessageHandler.h">
      <Filter>Header Files\System\Messaging</Filter>
    </ClInclude>
    <ClInclude Include="Message.h">
      <Filter>Header Files\System\Messaging</Filter>
    </ClInclude>
    <ClInclude Include="Component_Sprite.h">
      <Filter>Header Files\Entities\Components</Filter>
    </ClInclude>
    <ClInclude Include="EntityMessages.h">
      <Filter>Header Files\System\Messaging</Filter>
    </ClInclude>
    <ClInclude Include="SystemMailbox.h">
      <Filter>Header Files\System\Messaging</Filter>
    </ClInclude>
    <ClInclude Include="Messenger.h">
      <Filter>Header Files\System\Messaging</Filter>
    </ClInclude>
    <ClInclude Include="System_Renderer.h">
      <Filter>Header Files\System\Systems</Filter>
    </ClInclude>
    <ClInclude Include="System_Animation.h">
      <Filter>Header Files\System\Systems</Filter>
    </ClInclude>
    <ClInclude Include="System_Base.h">
      <Filter>Header Files\System\Systems</Filter>
    </ClInclude>
    <ClInclude Include="System_Collidable.h">
      <Filter>Header Files\System\Systems</Filter>
    </ClInclude>
    <ClInclude Include="System_Controllable.h">
      <Filter>Header Files\System\Systems</Filter>
    </ClInclude>
    <ClInclude Include="System_Movement.h">
      <Filter>Header Files\System\Systems</Filter>
    </ClInclude>
    <ClInclude Include="EntityEventQueue.h">
      <Filter>Header Files\System</Filter>
    </ClInclude>
    <ClInclude Include="Component_Motion.h">
      <Filter>Header Files\Entities\Components</Filter>
    </ClInclude>
    <ClInclude Include="Component_Position.h">
      <Filter>Header Files\Entities\Components</Filter>
    </ClInclude>
    <ClInclude Include="Component_CollisionAABB.h">
      <Filter>Header Files\Entities\Components</Filter>
    </ClInclude>
    <ClInclude Include="Manager_Resource.h">
      <Filter>Header Files\Managers</Filter>
    </ClInclude>
    <ClInclude Include="Manager_Texture.h">
      <Filter>Header Files\Managers</Filter>
    </ClInclude>
    <ClInclude Include="Component_State.h">
      <Filter>Header Files\Entities\Components</Filter>
    </ClInclude>
    <ClInclude Include="System_State.h">
      <Filter>Header Files\System\Systems</Filter>
    </ClInclude>
    <ClInclude Include="EntityStates.h">
      <Filter>Header Files\Entities</Filter>
    </ClInclude>
    <ClInclude Include="Bitmask.h">
      <Filter>Header Files\Entities\Components</Filter>
    </ClInclude>
    <ClInclude Include="Manager_Entity.h">
      <Filter>Header Files\Managers</Filter>
    </ClInclude>
    <ClInclude Include="Manager_State.h">
      <Filter>Header Files\Managers</Filter>
    </ClInclude>
    <ClInclude Include="Manager_System.h">
      <Filter>Header Files\Managers</Filter>
    </ClInclude>
    <ClInclude Include="SystemTypes.h">
      <Filter>Header Files\System\Systems</Filter>
    </ClInclude>
    <ClInclude Include="Log.h">
      <Filter>Header Files\Utility</Filter>
    </ClInclude>
    <ClInclude Include="Utility.h">
      <Filter>Header Files\Utility</Filter>
    </ClInclude>
    <ClInclude Include="SharedContext.h">
      <Filter>Header Files\Utility</Filter>
    </ClInclude>
    <ClInclude Include="Animation_Base.h">
      <Filter>Header Files\Entities\Components</Filter>
    </ClInclude>
    <ClInclude Include="EntityDirection.h">
      <Filter>Header Files\System\Messaging</Filter>
    </ClInclude>
    <ClInclude Include="Manager_GUI.h">
      <Filter>Header Files\GUI</Filter>
    </ClInclude>
    <ClInclude Include="EventQueue.h">
      <Filter>Header Files\System</Filter>
    </ClInclude>
    <ClInclude Include="Manager_Font.h">
      <Filter>Header Files\Managers</Filter>
    </ClInclude>
    <ClInclude Include="State_Intro.h">
      <Filter>Header Files\States\States</Filter>
    </ClInclude>
    <ClInclude Include="GUIElement.h">
      <Filter>Header Files\GUI</Filter>
    </ClInclude>
    <ClInclude Include="Origin.h">
      <Filter>Header Files\Entities</Filter>
    </ClInclude>
    <ClInclude Include="GUIInterface.h">
      <Filter>Header Files\GUI</Filter>
    </ClInclude>
    <ClInclude Include="StaticContext.h">
      <Filter>Header Files</Filter>
    </ClInclude>
    <ClInclude Include="GUITextfield.h">
      <Filter>Header Files\GUI</Filter>
    </ClInclude>
    <ClInclude Include="FileReader.h">
      <Filter>Header Files\Utility</Filter>
    </ClInclude>
    <ClInclude Include="StreamAttributes.h">
      <Filter>Header Files\Utility</Filter>
    </ClInclude>
    <ClInclude Include="KeyProcessing.h">
      <Filter>Header Files\Utility</Filter>
    </ClInclude>
    <ClInclude Include="Location.h">
      <Filter>Header Files\Utility</Filter>
    </ClInclude>
    <ClInclude Include="EnumConverter.h">
      <Filter>Header Files\Utility</Filter>
    </ClInclude>
    <ClInclude Include="EventData.h">
      <Filter>Header Files\Managers</Filter>
    </ClInclude>
    <ClInclude Include="GameStateData.h">
      <Filter>Header Files\States\States</Filter>
    </ClInclude>
    <ClInclude Include="GUIData.h">
      <Filter>Header Files\GUI\Data</Filter>
    </ClInclude>
    <ClInclude Include="Map.h">
      <Filter>Header Files\Map</Filter>
    </ClInclude>
    <ClInclude Include="MapTile.h">
      <Filter>Header Files\Map</Filter>
    </ClInclude>
    <ClInclude Include="CustomException.h">
      <Filter>Header Files\Utility</Filter>
    </ClInclude>
    <ClInclude Include="State_Level_Editor.h">
      <Filter>Header Files\States\States</Filter>
    </ClInclude>
    <ClInclude Include="GUICheckbox.h">
      <Filter>Header Files\GUI</Filter>
    </ClInclude>
    <ClInclude Include="GUIScrollbar.h">
      <Filter>Header Files\GUI</Filter>
    </ClInclude>
    <ClInclude Include="ManagedResources.h">
      <Filter>Header Files\Managers</Filter>
    </ClInclude>
    <ClInclude Include="GUIFormattingData.h">
      <Filter>Header Files\GUI\Data</Filter>
    </ClInclude>
    <ClInclude Include="GUILayerData.h">
      <Filter>Header Files\GUI\Data</Filter>
    </ClInclude>
    <ClInclude Include="MagicEnum.h">
      <Filter>Header Files\Utility</Filter>
    </ClInclude>
    <ClInclude Include="GUIButton.h">
      <Filter>Header Files\GUI</Filter>
    </ClInclude>
    <ClInclude Include="GUIButton.h">
      <Filter>Header Files\GUI</Filter>
    </ClInclude>
    <ClInclude Include="GUIButton.h">
      <Filter>Header Files</Filter>
    </ClInclude>
    <ClInclude Include="GUILabel.h">
      <Filter>Header Files\GUI</Filter>
    </ClInclude>
    <ClInclude Include="GUIButton.h">
      <Filter>Header Files</Filter>
    </ClInclude>
    <ClInclude Include="GUISticky.h">
      <Filter>Header Files\GUI</Filter>
    </ClInclude>
  </ItemGroup>
</Project>